
Microsoft Visual Studio Solution File, Format Version 12.00
# Visual Studio 15
VisualStudioVersion = 15.0.28307.136
MinimumVisualStudioVersion = 10.0.40219.1
Project("{FAE04EC0-301F-11D3-BF4B-00C04F79EFBC}") = "AlfaCar43Project", "AlfaCar43Project\AlfaCar43Project.csproj", "{272D940C-7A2E-4818-BAC3-0BCC996DCEC2}"
EndProject
Project("{FAE04EC0-301F-11D3-BF4B-00C04F79EFBC}") = "AlfaCar43Project.Tests", "AlfaCar43Project.Tests\AlfaCar43Project.Tests.csproj", "{F356F861-81F5-4E10-B333-8CD478D7DC31}"
EndProject
Global
	GlobalSection(SolutionConfigurationPlatforms) = preSolution
		Debug|Any CPU = Debug|Any CPU
		Release|Any CPU = Release|Any CPU
	EndGlobalSection
	GlobalSection(ProjectConfigurationPlatforms) = postSolution
		{272D940C-7A2E-4818-BAC3-0BCC996DCEC2}.Debug|Any CPU.ActiveCfg = Debug|Any CPU
		{272D940C-7A2E-4818-BAC3-0BCC996DCEC2}.Debug|Any CPU.Build.0 = Debug|Any CPU
		{272D940C-7A2E-4818-BAC3-0BCC996DCEC2}.Release|Any CPU.ActiveCfg = Release|Any CPU
		{272D940C-7A2E-4818-BAC3-0BCC996DCEC2}.Release|Any CPU.Build.0 = Release|Any CPU
		{F356F861-81F5-4E10-B333-8CD478D7DC31}.Debug|Any CPU.ActiveCfg = Debug|Any CPU
		{F356F861-81F5-4E10-B333-8CD478D7DC31}.Debug|Any CPU.Build.0 = Debug|Any CPU
		{F356F861-81F5-4E10-B333-8CD478D7DC31}.Release|Any CPU.ActiveCfg = Release|Any CPU
		{F356F861-81F5-4E10-B333-8CD478D7DC31}.Release|Any CPU.Build.0 = Release|Any CPU
	EndGlobalSection
	GlobalSection(SolutionProperties) = preSolution
		HideSolutionNode = FALSE
	EndGlobalSection
	GlobalSection(ExtensibilityGlobals) = postSolution
		SolutionGuid = {4D7A9C03-BA08-45B5-904D-46A44004C203}
	EndGlobalSection
EndGlobal
